Microsoft Visual Studio Solution File, Format Version 12.00
Project("{9A19103F-16F7-4668-BE54-9A1E7A4F7556}") = "api", "src\api.csproj", "{2B857910-499D-4143-B13E-8D28AE9F8AC9}"
EndProject
Global
	GlobalSection(SolutionConfigurationPlatforms) = preSolution
		Debug|Any CPU = Debug|Any CPU
		Release|Any CPU = Release|Any CPU
	EndGlobalSection
	GlobalSection(ProjectConfigurationPlatforms) = postSolution
		{2B857910-499D-4143-B13E-8D28AE9F8AC9}.Debug|Any CPU.ActiveCfg = Debug|Any CPU
		{2B857910-499D-4143-B13E-8D28AE9F8AC9}.Debug|Any CPU.Build.0 = Debug|Any CPU
		{2B857910-499D-4143-B13E-8D28AE9F8AC9}.Release|Any CPU.ActiveCfg = Release|Any CPU
		{2B857910-499D-4143-B13E-8D28AE9F8AC9}.Release|Any CPU.Build.0 = Release|Any CPU
	EndGlobalSection
	GlobalSection(SolutionProperties) = preSolution
		HideSolutionNode = FALSE
	EndGlobalSection
	GlobalSection(NestedProjects) = preSolution
	EndGlobalSection
	GlobalSection(ExtensibilityGlobals) = postSolution
		SolutionGuid = {4AEE5D4A-D7B5-4EDB-8CCF-20BF94A75833}
	EndGlobalSection
EndGlobal
